Microsoft Visual Studio Solution File, Format Version 12.00
# Visual Studio Version 17
VisualStudioVersion = 17.5.2.0
MinimumVisualStudioVersion = 10.0.40219.1
Project("{FAE04EC0-301F-11D3-BF4B-00C04F79EFBC}") = "1-aprendiending", "1-aprendiending\1-aprendiending.csproj", "{648FC0CF-7060-232D-0CC1-0B679D477FDC}"
EndProject
Global
	GlobalSection(SolutionConfigurationPlatforms) = preSolution
		Debug|Any CPU = Debug|Any CPU
		Release|Any CPU = Release|Any CPU
	EndGlobalSection
	GlobalSection(ProjectConfigurationPlatforms) = postSolution
		{648FC0CF-7060-232D-0CC1-0B679D477FDC}.Debug|Any CPU.ActiveCfg = Debug|Any CPU
		{648FC0CF-7060-232D-0CC1-0B679D477FDC}.Debug|Any CPU.Build.0 = Debug|Any CPU
		{648FC0CF-7060-232D-0CC1-0B679D477FDC}.Release|Any CPU.ActiveCfg = Release|Any CPU
		{648FC0CF-7060-232D-0CC1-0B679D477FDC}.Release|Any CPU.Build.0 = Release|Any CPU
	EndGlobalSection
	GlobalSection(SolutionProperties) = preSolution
		HideSolutionNode = FALSE
	EndGlobalSection
	GlobalSection(ExtensibilityGlobals) = postSolution
		SolutionGuid = {38A75575-AC12-4693-89A0-4FCB8851377D}
	EndGlobalSection
EndGlobal
